{
  "name": "ticketing-monorepo",
  "lockfileVersion": 3,
  "requires": true,
  "packages": {
    "": {
      "name": "ticketing-monorepo",
      "workspaces": [
        "services/api"
      ]
    },
    "node_modules/ticketing-api": {
      "resolved": "services/api",
      "link": true
    },
    "services/api": {
      "name": "ticketing-api",
      "version": "0.1.0"
    }
  }
}
