{
  "name": "ticketing-web",
  "version": "1.0.0",
  "lockfileVersion": 3,
  "requires": true,
  "packages": {
    "": {
      "name": "ticketing-web",
      "version": "1.0.0",
      "private": true,
      "dependencies": {
        "next": "14.2.3",
        "react": "18.3.1",
        "react-dom": "18.3.1"
      },
      "devDependencies": {
        "@types/node": "^20.16.10",
        "@types/react": "^18.3.12",
        "@types/react-dom": "^18.3.1",
        "typescript": "^5.6.3"
      }
    },
    "node_modules/next": {
      "version": "14.2.3"
    },
    "node_modules/react": {
      "version": "18.3.1"
    },
    "node_modules/react-dom": {
      "version": "18.3.1"
    },
    "node_modules/@types/node": {
      "version": "20.16.10"
    },
    "node_modules/@types/react": {
      "version": "18.3.12"
    },
    "node_modules/@types/react-dom": {
      "version": "18.3.1"
    },
    "node_modules/typescript": {
      "version": "5.6.3"
    }
  },
  "dependencies": {
    "next": {
      "version": "14.2.3"
    },
    "react": {
      "version": "18.3.1"
    },
    "react-dom": {
      "version": "18.3.1"
    },
    "@types/node": {
      "version": "20.16.10",
      "dev": true
    },
    "@types/react": {
      "version": "18.3.12",
      "dev": true
    },
    "@types/react-dom": {
      "version": "18.3.1",
      "dev": true
    },
    "typescript": {
      "version": "5.6.3",
      "dev": true
    }
  }
}
