{
  "name": "ticketing-api",
  "version": "0.1.0",
  "lockfileVersion": 3,
  "requires": true,
  "packages": {
    "": {
      "name": "ticketing-api",
      "version": "0.1.0",
      "private": true,
      "type": "module",
      "dependencies": {
        "@prisma/client": "^5.20.0",
        "amqplib": "^0.10.4",
        "axios": "^1.7.7",
        "cors": "^2.8.5",
        "date-fns": "^3.6.0",
        "dotenv": "^16.4.5",
        "express": "^4.19.2",
        "node-cron": "^3.0.3",
        "nodemailer": "^6.9.13",
        "pdfkit": "^0.15.0",
        "pino": "^9.1.0",
        "yookassa": "^3.1.0"
      },
      "devDependencies": {
        "ts-node-dev": "^2.0.0",
        "nodemon": "^3.1.7",
        "ts-node": "^10.9.2",
        "typescript": "^5.6.3"
      }
    },
    "node_modules/@prisma/client": {
      "version": "5.20.0"
    },
    "node_modules/amqplib": {
      "version": "0.10.4"
    },
    "node_modules/axios": {
      "version": "1.7.7"
    },
    "node_modules/cors": {
      "version": "2.8.5"
    },
    "node_modules/date-fns": {
      "version": "3.6.0"
    },
    "node_modules/dotenv": {
      "version": "16.4.5"
    },
    "node_modules/express": {
      "version": "4.19.2"
    },
    "node_modules/node-cron": {
      "version": "3.0.3"
    },
    "node_modules/nodemailer": {
      "version": "6.9.13"
    },
    "node_modules/pdfkit": {
      "version": "0.15.0"
    },
    "node_modules/pino": {
      "version": "9.1.0"
    },
    "node_modules/yookassa": {
      "version": "3.1.0"
    },
    "node_modules/ts-node-dev": {
      "version": "2.0.0"
    },
    "node_modules/nodemon": {
      "version": "3.1.7"
    },
    "node_modules/ts-node": {
      "version": "10.9.2"
    },
    "node_modules/typescript": {
      "version": "5.6.3"
    }
  },
  "dependencies": {
    "@prisma/client": {
      "version": "5.20.0"
    },
    "amqplib": {
      "version": "0.10.4"
    },
    "axios": {
      "version": "1.7.7"
    },
    "cors": {
      "version": "2.8.5"
    },
    "date-fns": {
      "version": "3.6.0"
    },
    "dotenv": {
      "version": "16.4.5"
    },
    "express": {
      "version": "4.19.2"
    },
    "node-cron": {
      "version": "3.0.3"
    },
    "nodemailer": {
      "version": "6.9.13"
    },
    "pdfkit": {
      "version": "0.15.0"
    },
    "pino": {
      "version": "9.1.0"
    },
    "yookassa": {
      "version": "3.1.0"
    },
    "ts-node-dev": {
      "version": "2.0.0",
      "dev": true
    },
    "nodemon": {
      "version": "3.1.7",
      "dev": true
    },
    "ts-node": {
      "version": "10.9.2",
      "dev": true
    },
    "typescript": {
      "version": "5.6.3",
      "dev": true
    }
  }
}
